
Microsoft Visual Studio Solution File, Format Version 12.00
# Visual Studio Version 16
VisualStudioVersion = 16.0.28516.95
MinimumVisualStudioVersion = 10.0.40219.1
Project("{FAE04EC0-301F-11D3-BF4B-00C04F79EFBC}") = "Hitai", "Hitai\Hitai.csproj", "{6E840909-2493-4C1E-9ECF-3C9B42CD7A57}"
EndProject
Project("{FAE04EC0-301F-11D3-BF4B-00C04F79EFBC}") = "Hitai.Test", "Hitai.Test\Hitai.Test.csproj", "{5774CC4E-24F2-421E-BCF6-2B7A879890A8}"
EndProject
Project("{9A19103F-16F7-4668-BE54-9A1E7A4F7556}") = "Base62", "Base62.Net\src\Base62\Base62.csproj", "{7C145FE6-CE01-45A5-8F2A-B3D99A01170A}"
EndProject
Global
	GlobalSection(SolutionConfigurationPlatforms) = preSolution
		Debug|Any CPU = Debug|Any CPU
		Release|Any CPU = Release|Any CPU
	EndGlobalSection
	GlobalSection(ProjectConfigurationPlatforms) = postSolution
		{6E840909-2493-4C1E-9ECF-3C9B42CD7A57}.Debug|Any CPU.ActiveCfg = Debug|Any CPU
		{6E840909-2493-4C1E-9ECF-3C9B42CD7A57}.Debug|Any CPU.Build.0 = Debug|Any CPU
		{6E840909-2493-4C1E-9ECF-3C9B42CD7A57}.Release|Any CPU.ActiveCfg = Release|Any CPU
		{6E840909-2493-4C1E-9ECF-3C9B42CD7A57}.Release|Any CPU.Build.0 = Release|Any CPU
		{5774CC4E-24F2-421E-BCF6-2B7A879890A8}.Debug|Any CPU.ActiveCfg = Debug|Any CPU
		{5774CC4E-24F2-421E-BCF6-2B7A879890A8}.Debug|Any CPU.Build.0 = Debug|Any CPU
		{5774CC4E-24F2-421E-BCF6-2B7A879890A8}.Release|Any CPU.ActiveCfg = Release|Any CPU
		{5774CC4E-24F2-421E-BCF6-2B7A879890A8}.Release|Any CPU.Build.0 = Release|Any CPU
		{7C145FE6-CE01-45A5-8F2A-B3D99A01170A}.Debug|Any CPU.ActiveCfg = Debug|Any CPU
		{7C145FE6-CE01-45A5-8F2A-B3D99A01170A}.Debug|Any CPU.Build.0 = Debug|Any CPU
		{7C145FE6-CE01-45A5-8F2A-B3D99A01170A}.Release|Any CPU.ActiveCfg = Release|Any CPU
		{7C145FE6-CE01-45A5-8F2A-B3D99A01170A}.Release|Any CPU.Build.0 = Release|Any CPU
	EndGlobalSection
	GlobalSection(SolutionProperties) = preSolution
		HideSolutionNode = FALSE
	EndGlobalSection
	GlobalSection(ExtensibilityGlobals) = postSolution
		SolutionGuid = {3405238D-E4F3-48BE-B9DA-FF8944CC5165}
	EndGlobalSection
EndGlobal
